// !$*UTF8*$!
{
	archiveVersion = 1;
	classes = {
	};
	objectVersion = 46;
	objects = {

/* Begin PBXBuildFile section */
		CFD5DE051B2CE80300AB1C56 /* main.m in Sources */ = {isa = PBXBuildFile; fileRef = CFD5DE041B2CE80300AB1C56 /* main.m */; };
		CFD5DE081B2CE80300AB1C56 /* AppDelegate.m in Sources */ = {isa = PBXBuildFile; fileRef = CFD5DE071B2CE80300AB1C56 /* AppDelegate.m */; };
		CFD5DE0B1B2CE80300AB1C56 /* ViewController.m in Sources */ = {isa = PBXBuildFile; fileRef = CFD5DE0A1B2CE80300AB1C56 /* ViewController.m */; };
		CFD5DE0E1B2CE80300AB1C56 /* Main.storyboard in Resources */ = {isa = PBXBuildFile; fileRef = CFD5DE0C1B2CE80300AB1C56 /* Main.storyboard */; };
		CFD5DE101B2CE80300AB1C56 /* Images.xcassets in Resources */ = {isa = PBXBuildFile; fileRef = CFD5DE0F1B2CE80300AB1C56 /* Images.xcassets */; };
		CFD5DE131B2CE80300AB1C56 /* LaunchScreen.xib in Resources */ = {isa = PBXBuildFile; fileRef = CFD5DE111B2CE80300AB1C56 /* LaunchScreen.xib */; };
		CFD5DE1F1B2CE80300AB1C56 /* VWWPermissionKitExampleTests.m in Sources */ = {isa = PBXBuildFile; fileRef = CFD5DE1E1B2CE80300AB1C56 /* VWWPermissionKitExampleTests.m */; };
		CFD5DE311B2CE82A00AB1C56 /* VWWPermissionKit.framework in Frameworks */ = {isa = PBXBuildFile; fileRef = CFD5DE2E1B2CE82100AB1C56 /* VWWPermissionKit.framework */; };
		CFD5DE321B2CE82A00AB1C56 /* VWWPermissionKit.framework in Embed Frameworks */ = {isa = PBXBuildFile; fileRef = CFD5DE2E1B2CE82100AB1C56 /* VWWPermissionKit.framework */; settings = {ATTRIBUTES = (CodeSignOnCopy, RemoveHeadersOnCopy, ); }; };
/* End PBXBuildFile section */

/* Begin PBXContainerItemProxy section */
		CFD5DE191B2CE80300AB1C56 /* PBXContainerItemProxy */ = {
			isa = PBXContainerItemProxy;
			containerPortal = CFD5DDF71B2CE80300AB1C56 /* Project object */;
			proxyType = 1;
			remoteGlobalIDString = CFD5DDFE1B2CE80300AB1C56;
			remoteInfo = VWWPermissionKitExample;
		};
		CFD5DE2D1B2CE82100AB1C56 /* PBXContainerItemProxy */ = {
			isa = PBXContainerItemProxy;
			containerPortal = CFD5DE281B2CE82000AB1C56 /* VWWPermissionKit.xcodeproj */;
			proxyType = 2;
			remoteGlobalIDString = CF1C50551B2CDE64006BE053;
			remoteInfo = VWWPermissionKit;
		};
		CFD5DE2F1B2CE82100AB1C56 /* PBXContainerItemProxy */ = {
			isa = PBXContainerItemProxy;
			containerPortal = CFD5DE281B2CE82000AB1C56 /* VWWPermissionKit.xcodeproj */;
			proxyType = 2;
			remoteGlobalIDString = CF1C505F1B2CDE64006BE053;
			remoteInfo = VWWPermissionKitTests;
		};
		CFD5DE331B2CE82A00AB1C56 /* PBXContainerItemProxy */ = {
			isa = PBXContainerItemProxy;
			containerPortal = CFD5DE281B2CE82000AB1C56 /* VWWPermissionKit.xcodeproj */;
			proxyType = 1;
			remoteGlobalIDString = CF1C50541B2CDE64006BE053;
			remoteInfo = VWWPermissionKit;
		};
/* End PBXContainerItemProxy section */

/* Begin PBXCopyFilesBuildPhase section */
		CFD5DE351B2CE82B00AB1C56 /* Embed Frameworks */ = {
			isa = PBXCopyFilesBuildPhase;
			buildActionMask = 2147483647;
			dstPath = "";
			dstSubfolderSpec = 10;
			files = (
				CFD5DE321B2CE82A00AB1C56 /* VWWPermissionKit.framework in Embed Frameworks */,
			);
			name = "Embed Frameworks";
			runOnlyForDeploymentPostprocessing = 0;
		};
/* End PBXCopyFilesBuildPhase section */

/* Begin PBXFileReference section */
		CFD5DDFF1B2CE80300AB1C56 /* VWWPermissionKitExample.app */ = {isa = PBXFileReference; explicitFileType = wrapper.application; includeInIndex = 0; path = VWWPermissionKitExample.app; sourceTree = BUILT_PRODUCTS_DIR; };
		CFD5DE031B2CE80300AB1C56 /* Info.plist */ = {isa = PBXFileReference; lastKnownFileType = text.plist.xml; path = Info.plist; sourceTree = "<group>"; };
		CFD5DE041B2CE80300AB1C56 /* main.m */ = {isa = PBXFileReference; lastKnownFileType = sourcecode.c.objc; path = main.m; sourceTree = "<group>"; };
		CFD5DE061B2CE80300AB1C56 /* AppDelegate.h */ = {isa = PBXFileReference; lastKnownFileType = sourcecode.c.h; path = AppDelegate.h; sourceTree = "<group>"; };
		CFD5DE071B2CE80300AB1C56 /* AppDelegate.m */ = {isa = PBXFileReference; lastKnownFileType = sourcecode.c.objc; path = AppDelegate.m; sourceTree = "<group>"; };
		CFD5DE091B2CE80300AB1C56 /* ViewController.h */ = {isa = PBXFileReference; lastKnownFileType = sourcecode.c.h; path = ViewController.h; sourceTree = "<group>"; };
		CFD5DE0A1B2CE80300AB1C56 /* ViewController.m */ = {isa = PBXFileReference; lastKnownFileType = sourcecode.c.objc; path = ViewController.m; sourceTree = "<group>"; };
		CFD5DE0D1B2CE80300AB1C56 /* Base */ = {isa = PBXFileReference; lastKnownFileType = file.storyboard; name = Base; path = Base.lproj/Main.storyboard; sourceTree = "<group>"; };
		CFD5DE0F1B2CE80300AB1C56 /* Images.xcassets */ = {isa = PBXFileReference; lastKnownFileType = folder.assetcatalog; path = Images.xcassets; sourceTree = "<group>"; };
		CFD5DE121B2CE80300AB1C56 /* Base */ = {isa = PBXFileReference; lastKnownFileType = file.xib; name = Base; path = Base.lproj/LaunchScreen.xib; sourceTree = "<group>"; };
		CFD5DE181B2CE80300AB1C56 /* VWWPermissionKitExampleTests.xctest */ = {isa = PBXFileReference; explicitFileType = wrapper.cfbundle; includeInIndex = 0; path = VWWPermissionKitExampleTests.xctest; sourceTree = BUILT_PRODUCTS_DIR; };
		CFD5DE1D1B2CE80300AB1C56 /* Info.plist */ = {isa = PBXFileReference; lastKnownFileType = text.plist.xml; path = Info.plist; sourceTree = "<group>"; };
		CFD5DE1E1B2CE80300AB1C56 /* VWWPermissionKitExampleTests.m */ = {isa = PBXFileReference; lastKnownFileType = sourcecode.c.objc; path = VWWPermissionKitExampleTests.m; sourceTree = "<group>"; };
		CFD5DE281B2CE82000AB1C56 /* VWWPermissionKit.xcodeproj */ = {isa = PBXFileReference; lastKnownFileType = "wrapper.pb-project"; name = VWWPermissionKit.xcodeproj; path = VWWPermissionKit/VWWPermissionKit.xcodeproj; sourceTree = SOURCE_ROOT; };
/* End PBXFileReference section */

/* Begin PBXFrameworksBuildPhase section */
		CFD5DDFC1B2CE80300AB1C56 /* Frameworks */ = {
			isa = PBXFrameworksBuildPhase;
			buildActionMask = 2147483647;
			files = (
				CFD5DE311B2CE82A00AB1C56 /* VWWPermissionKit.framework in Frameworks */,
			);
			runOnlyForDeploymentPostprocessing = 0;
		};
		CFD5DE151B2CE80300AB1C56 /* Frameworks */ = {
			isa = PBXFrameworksBuildPhase;
			buildActionMask = 2147483647;
			files = (
			);
			runOnlyForDeploymentPostprocessing = 0;
		};
/* End PBXFrameworksBuildPhase section */

/* Begin PBXGroup section */
		CFD5DDF61B2CE80300AB1C56 = {
			isa = PBXGroup;
			children = (
				CFD5DE011B2CE80300AB1C56 /* VWWPermissionKitExample */,
				CFD5DE1B1B2CE80300AB1C56 /* VWWPermissionKitExampleTests */,
				CFD5DE001B2CE80300AB1C56 /* Products */,
			);
			sourceTree = "<group>";
		};
		CFD5DE001B2CE80300AB1C56 /* Products */ = {
			isa = PBXGroup;
			children = (
				CFD5DDFF1B2CE80300AB1C56 /* VWWPermissionKitExample.app */,
				CFD5DE181B2CE80300AB1C56 /* VWWPermissionKitExampleTests.xctest */,
			);
			name = Products;
			sourceTree = "<group>";
		};
		CFD5DE011B2CE80300AB1C56 /* VWWPermissionKitExample */ = {
			isa = PBXGroup;
			children = (
				CFD5DE281B2CE82000AB1C56 /* VWWPermissionKit.xcodeproj */,
				CFD5DE061B2CE80300AB1C56 /* AppDelegate.h */,
				CFD5DE071B2CE80300AB1C56 /* AppDelegate.m */,
				CFD5DE091B2CE80300AB1C56 /* ViewController.h */,
				CFD5DE0A1B2CE80300AB1C56 /* ViewController.m */,
				CFD5DE0C1B2CE80300AB1C56 /* Main.storyboard */,
				CFD5DE0F1B2CE80300AB1C56 /* Images.xcassets */,
				CFD5DE111B2CE80300AB1C56 /* LaunchScreen.xib */,
				CFD5DE021B2CE80300AB1C56 /* Supporting Files */,
			);
			path = VWWPermissionKitExample;
			sourceTree = "<group>";
		};
		CFD5DE021B2CE80300AB1C56 /* Supporting Files */ = {
			isa = PBXGroup;
			children = (
				CFD5DE031B2CE80300AB1C56 /* Info.plist */,
				CFD5DE041B2CE80300AB1C56 /* main.m */,
			);
			name = "Supporting Files";
			sourceTree = "<group>";
		};
		CFD5DE1B1B2CE80300AB1C56 /* VWWPermissionKitExampleTests */ = {
			isa = PBXGroup;
			children = (
				CFD5DE1E1B2CE80300AB1C56 /* VWWPermissionKitExampleTests.m */,
				CFD5DE1C1B2CE80300AB1C56 /* Supporting Files */,
			);
			path = VWWPermissionKitExampleTests;
			sourceTree = "<group>";
		};
		CFD5DE1C1B2CE80300AB1C56 /* Supporting Files */ = {
			isa = PBXGroup;
			children = (
				CFD5DE1D1B2CE80300AB1C56 /* Info.plist */,
			);
			name = "Supporting Files";
			sourceTree = "<group>";
		};
		CFD5DE291B2CE82000AB1C56 /* Products */ = {
			isa = PBXGroup;
			children = (
				CFD5DE2E1B2CE82100AB1C56 /* VWWPermissionKit.framework */,
				CFD5DE301B2CE82100AB1C56 /* VWWPermissionKitTests.xctest */,
			);
			name = Products;
			sourceTree = "<group>";
		};
/* End PBXGroup section */

/* Begin PBXNativeTarget section */
		CFD5DDFE1B2CE80300AB1C56 /* VWWPermissionKitExample */ = {
			isa = PBXNativeTarget;
			buildConfigurationList = CFD5DE221B2CE80300AB1C56 /* Build configuration list for PBXNativeTarget "VWWPermissionKitExample" */;
			buildPhases = (
				CFD5DDFB1B2CE80300AB1C56 /* Sources */,
				CFD5DDFC1B2CE80300AB1C56 /* Frameworks */,
				CFD5DDFD1B2CE80300AB1C56 /* Resources */,
				CFD5DE351B2CE82B00AB1C56 /* Embed Frameworks */,
			);
			buildRules = (
			);
			dependencies = (
				CFD5DE341B2CE82A00AB1C56 /* PBXTargetDependency */,
			);
			name = VWWPermissionKitExample;
			productName = VWWPermissionKitExample;
			productReference = CFD5DDFF1B2CE80300AB1C56 /* VWWPermissionKitExample.app */;
			productType = "com.apple.product-type.application";
		};
		CFD5DE171B2CE80300AB1C56 /* VWWPermissionKitExampleTests */ = {
			isa = PBXNativeTarget;
			buildConfigurationList = CFD5DE251B2CE80300AB1C56 /* Build configuration list for PBXNativeTarget "VWWPermissionKitExampleTests" */;
			buildPhases = (
				CFD5DE141B2CE80300AB1C56 /* Sources */,
				CFD5DE151B2CE80300AB1C56 /* Frameworks */,
				CFD5DE161B2CE80300AB1C56 /* Resources */,
			);
			buildRules = (
			);
			dependencies = (
				CFD5DE1A1B2CE80300AB1C56 /* PBXTargetDependency */,
			);
			name = VWWPermissionKitExampleTests;
			productName = VWWPermissionKitExampleTests;
			productReference = CFD5DE181B2CE80300AB1C56 /* VWWPermissionKitExampleTests.xctest */;
			productType = "com.apple.product-type.bundle.unit-test";
		};
/* End PBXNativeTarget section */

/* Begin PBXProject section */
		CFD5DDF71B2CE80300AB1C56 /* Project object */ = {
			isa = PBXProject;
			attributes = {
				LastUpgradeCheck = 0630;
				ORGANIZATIONNAME = "Zakk Hoyt";
				TargetAttributes = {
					CFD5DDFE1B2CE80300AB1C56 = {
						CreatedOnToolsVersion = 6.3.2;
					};
					CFD5DE171B2CE80300AB1C56 = {
						CreatedOnToolsVersion = 6.3.2;
						TestTargetID = CFD5DDFE1B2CE80300AB1C56;
					};
				};
			};
			buildConfigurationList = CFD5DDFA1B2CE80300AB1C56 /* Build configuration list for PBXProject "VWWPermissionKitExample" */;
			compatibilityVersion = "Xcode 3.2";
			developmentRegion = English;
			hasScannedForEncodings = 0;
			knownRegions = (
				en,
				Base,
			);
			mainGroup = CFD5DDF61B2CE80300AB1C56;
			productRefGroup = CFD5DE001B2CE80300AB1C56 /* Products */;
			projectDirPath = "";
			projectReferences = (
				{
					ProductGroup = CFD5DE291B2CE82000AB1C56 /* Products */;
					ProjectRef = CFD5DE281B2CE82000AB1C56 /* VWWPermissionKit.xcodeproj */;
				},
			);
			projectRoot = "";
			targets = (
				CFD5DDFE1B2CE80300AB1C56 /* VWWPermissionKitExample */,
				CFD5DE171B2CE80300AB1C56 /* VWWPermissionKitExampleTests */,
			);
		};
/* End PBXProject section */

/* Begin PBXReferenceProxy section */
		CFD5DE2E1B2CE82100AB1C56 /* VWWPermissionKit.framework */ = {
			isa = PBXReferenceProxy;
			fileType = wrapper.framework;
			path = VWWPermissionKit.framework;
			remoteRef = CFD5DE2D1B2CE82100AB1C56 /* PBXContainerItemProxy */;
			sourceTree = BUILT_PRODUCTS_DIR;
		};
		CFD5DE301B2CE82100AB1C56 /* VWWPermissionKitTests.xctest */ = {
			isa = PBXReferenceProxy;
			fileType = wrapper.cfbundle;
			path = VWWPermissionKitTests.xctest;
			remoteRef = CFD5DE2F1B2CE82100AB1C56 /* PBXContainerItemProxy */;
			sourceTree = BUILT_PRODUCTS_DIR;
		};
/* End PBXReferenceProxy section */

/* Begin PBXResourcesBuildPhase section */
		CFD5DDFD1B2CE80300AB1C56 /* Resources */ = {
			isa = PBXResourcesBuildPhase;
			buildActionMask = 2147483647;
			files = (
				CFD5DE0E1B2CE80300AB1C56 /* Main.storyboard in Resources */,
				CFD5DE131B2CE80300AB1C56 /* LaunchScreen.xib in Resources */,
				CFD5DE101B2CE80300AB1C56 /* Images.xcassets in Resources */,
			);
			runOnlyForDeploymentPostprocessing = 0;
		};
		CFD5DE161B2CE80300AB1C56 /* Resources */ = {
			isa = PBXResourcesBuildPhase;
			buildActionMask = 2147483647;
			files = (
			);
			runOnlyForDeploymentPostprocessing = 0;
		};
/* End PBXResourcesBuildPhase section */

/* Begin PBXSourcesBuildPhase section */
		CFD5DDFB1B2CE80300AB1C56 /* Sources */ = {
			isa = PBXSourcesBuildPhase;
			buildActionMask = 2147483647;
			files = (
				CFD5DE0B1B2CE80300AB1C56 /* ViewController.m in Sources */,
				CFD5DE081B2CE80300AB1C56 /* AppDelegate.m in Sources */,
				CFD5DE051B2CE80300AB1C56 /* main.m in Sources */,
			);
			runOnlyForDeploymentPostprocessing = 0;
		};
		CFD5DE141B2CE80300AB1C56 /* Sources */ = {
			isa = PBXSourcesBuildPhase;
			buildActionMask = 2147483647;
			files = (
				CFD5DE1F1B2CE80300AB1C56 /* VWWPermissionKitExampleTests.m in Sources */,
			);
			runOnlyForDeploymentPostprocessing = 0;
		};
/* End PBXSourcesBuildPhase section */

/* Begin PBXTargetDependency section */
		CFD5DE1A1B2CE80300AB1C56 /* PBXTargetDependency */ = {
			isa = PBXTargetDependency;
			target = CFD5DDFE1B2CE80300AB1C56 /* VWWPermissionKitExample */;
			targetProxy = CFD5DE191B2CE80300AB1C56 /* PBXContainerItemProxy */;
		};
		CFD5DE341B2CE82A00AB1C56 /* PBXTargetDependency */ = {
			isa = PBXTargetDependency;
			name = VWWPermissionKit;
			targetProxy = CFD5DE331B2CE82A00AB1C56 /* PBXContainerItemProxy */;
		};
/* End PBXTargetDependency section */

/* Begin PBXVariantGroup section */
		CFD5DE0C1B2CE80300AB1C56 /* Main.storyboard */ = {
			isa = PBXVariantGroup;
			children = (
				CFD5DE0D1B2CE80300AB1C56 /* Base */,
			);
			name = Main.storyboard;
			sourceTree = "<group>";
		};
		CFD5DE111B2CE80300AB1C56 /* LaunchScreen.xib */ = {
			isa = PBXVariantGroup;
			children = (
				CFD5DE121B2CE80300AB1C56 /* Base */,
			);
			name = LaunchScreen.xib;
			sourceTree = "<group>";
		};
/* End PBXVariantGroup section */

/* Begin XCBuildConfiguration section */
		CFD5DE201B2CE80300AB1C56 /* Debug */ = {
			isa = XCBuildConfiguration;
			buildSettings = {
				ALWAYS_SEARCH_USER_PATHS = NO;
				CLANG_CXX_LANGUAGE_STANDARD = "gnu++0x";
				CLANG_CXX_LIBRARY = "libc++";
				CLANG_ENABLE_MODULES = YES;
				CLANG_ENABLE_OBJC_ARC = YES;
				CLANG_WARN_BOOL_CONVERSION = YES;
				CLANG_WARN_CONSTANT_CONVERSION = YES;
				CLANG_WARN_DIRECT_OBJC_ISA_USAGE = YES_ERROR;
				CLANG_WARN_EMPTY_BODY = YES;
				CLANG_WARN_ENUM_CONVERSION = YES;
				CLANG_WARN_INT_CONVERSION = YES;
				CLANG_WARN_OBJC_ROOT_CLASS = YES_ERROR;
				CLANG_WARN_UNREACHABLE_CODE = YES;
				CLANG_WARN__DUPLICATE_METHOD_MATCH = YES;
				"CODE_SIGN_IDENTITY[sdk=iphoneos*]" = "iPhone Developer";
				COPY_PHASE_STRIP = NO;
				DEBUG_INFORMATION_FORMAT = "dwarf-with-dsym";
				ENABLE_STRICT_OBJC_MSGSEND = YES;
				GCC_C_LANGUAGE_STANDARD = gnu99;
				GCC_DYNAMIC_NO_PIC = NO;
				GCC_NO_COMMON_BLOCKS = YES;
				GCC_OPTIMIZATION_LEVEL = 0;
				GCC_PREPROCESSOR_DEFINITIONS = (
					"DEBUG=1",
					"$(inherited)",
				);
				GCC_SYMBOLS_PRIVATE_EXTERN = NO;
				GCC_WARN_64_TO_32_BIT_CONVERSION = YES;
				GCC_WARN_ABOUT_RETURN_TYPE = YES_ERROR;
				GCC_WARN_UNDECLARED_SELECTOR = YES;
				GCC_WARN_UNINITIALIZED_AUTOS = YES_AGGRESSIVE;
				GCC_WARN_UNUSED_FUNCTION = YES;
				GCC_WARN_UNUSED_VARIABLE = YES;
				IPHONEOS_DEPLOYMENT_TARGET = 8.3;
				MTL_ENABLE_DEBUG_INFO = YES;
				ONLY_ACTIVE_ARCH = YES;
				SDKROOT = iphoneos;
				TARGETED_DEVICE_FAMILY = "1,2";
			};
			name = Debug;
		};
		CFD5DE211B2CE80300AB1C56 /* Release */ = {
			isa = XCBuildConfiguration;
			buildSettings = {
				ALWAYS_SEARCH_USER_PATHS = NO;
				CLANG_CXX_LANGUAGE_STANDARD = "gnu++0x";
				CLANG_CXX_LIBRARY = "libc++";
				CLANG_ENABLE_MODULES = YES;
				CLANG_ENABLE_OBJC_ARC = YES;
				CLANG_WARN_BOOL_CONVERSION = YES;
				CLANG_WARN_CONSTANT_CONVERSION = YES;
				CLANG_WARN_DIRECT_OBJC_ISA_USAGE = YES_ERROR;
				CLANG_WARN_EMPTY_BODY = YES;
				CLANG_WARN_ENUM_CONVERSION = YES;
				CLANG_WARN_INT_CONVERSION = YES;
				CLANG_WARN_OBJC_ROOT_CLASS = YES_ERROR;
				CLANG_WARN_UNREACHABLE_CODE = YES;
				CLANG_WARN__DUPLICATE_METHOD_MATCH = YES;
				"CODE_SIGN_IDENTITY[sdk=iphoneos*]" = "iPhone Developer";
				COPY_PHASE_STRIP = NO;
				DEBUG_INFORMATION_FORMAT = "dwarf-with-dsym";
				ENABLE_NS_ASSERTIONS = NO;
				ENABLE_STRICT_OBJC_MSGSEND = YES;
				GCC_C_LANGUAGE_STANDARD = gnu99;
				GCC_NO_COMMON_BLOCKS = YES;
				GCC_WARN_64_TO_32_BIT_CONVERSION = YES;
				GCC_WARN_ABOUT_RETURN_TYPE = YES_ERROR;
				GCC_WARN_UNDECLARED_SELECTOR = YES;
				GCC_WARN_UNINITIALIZED_AUTOS = YES_AGGRESSIVE;
				GCC_WARN_UNUSED_FUNCTION = YES;
				GCC_WARN_UNUSED_VARIABLE = YES;
				IPHONEOS_DEPLOYMENT_TARGET = 8.3;
				MTL_ENABLE_DEBUG_INFO = NO;
				SDKROOT = iphoneos;
				TARGETED_DEVICE_FAMILY = "1,2";
				VALIDATE_PRODUCT = YES;
			};
			name = Release;
		};
		CFD5DE231B2CE80300AB1C56 /* Debug */ = {
			isa = XCBuildConfiguration;
			buildSettings = {
				ASSETCATALOG_COMPILER_APPICON_NAME = AppIcon;
				HEADER_SEARCH_PATHS = (
					"$(inherited)",
					/Applications/Xcode.app/Contents/Developer/Toolchains/XcodeDefault.xctoolchain/usr/include,
					"VWWPermissionKit/**",
				);
				INFOPLIST_FILE = VWWPermissionKitExample/Info.plist;
				LD_RUNPATH_SEARCH_PATHS = "$(inherited) @executable_path/Frameworks";
				PRODUCT_NAME = "$(TARGET_NAME)";
			};
			name = Debug;
		};
		CFD5DE241B2CE80300AB1C56 /* Release */ = {
			isa = XCBuildConfiguration;
			buildSettings = {
				ASSETCATALOG_COMPILER_APPICON_NAME = AppIcon;
				HEADER_SEARCH_PATHS = (
					"$(inherited)",
					/Applications/Xcode.app/Contents/Developer/Toolchains/XcodeDefault.xctoolchain/usr/include,
					"VWWPermissionKit/**",
				);
				INFOPLIST_FILE = VWWPermissionKitExample/Info.plist;
				LD_RUNPATH_SEARCH_PATHS = "$(inherited) @executable_path/Frameworks";
				PRODUCT_NAME = "$(TARGET_NAME)";
			};
			name = Release;
		};
		CFD5DE261B2CE80300AB1C56 /* Debug */ = {
			isa = XCBuildConfiguration;
			buildSettings = {
				BUNDLE_LOADER = "$(TEST_HOST)";
				FRAMEWORK_SEARCH_PATHS = (
					"$(SDKROOT)/Developer/Library/Frameworks",
					"$(inherited)",
				);
				GCC_PREPROCESSOR_DEFINITIONS = (
					"DEBUG=1",
					"$(inherited)",
				);
				INFOPLIST_FILE = VWWPermissionKitExampleTests/Info.plist;
				LD_RUNPATH_SEARCH_PATHS = "$(inherited) @executable_path/Frameworks @loader_path/Frameworks";
				PRODUCT_NAME = "$(TARGET_NAME)";
				TEST_HOST = "$(BUILT_PRODUCTS_DIR)/VWWPermissionKitExample.app/VWWPermissionKitExample";
			};
			name = Debug;
		};
		CFD5DE271B2CE80300AB1C56 /* Release */ = {
			isa = XCBuildConfiguration;
			buildSettings = {
				BUNDLE_LOADER = "$(TEST_HOST)";
				FRAMEWORK_SEARCH_PATHS = (
					"$(SDKROOT)/Developer/Library/Frameworks",
					"$(inherited)",
				);
				INFOPLIST_FILE = VWWPermissionKitExampleTests/Info.plist;
				LD_RUNPATH_SEARCH_PATHS = "$(inherited) @executable_path/Frameworks @loader_path/Frameworks";
				PRODUCT_NAME = "$(TARGET_NAME)";
				TEST_HOST = "$(BUILT_PRODUCTS_DIR)/VWWPermissionKitExample.app/VWWPermissionKitExample";
			};
			name = Release;
		};
/* End XCBuildConfiguration section */

/* Begin XCConfigurationList section */
		CFD5DDFA1B2CE80300AB1C56 /* Build configuration list for PBXProject "VWWPermissionKitExample" */ = {
			isa = XCConfigurationList;
			buildConfigurations = (
				CFD5DE201B2CE80300AB1C56 /* Debug */,
				CFD5DE211B2CE80300AB1C56 /* Release */,
			);
			defaultConfigurationIsVisible = 0;
			defaultConfigurationName = Release;
		};
		CFD5DE221B2CE80300AB1C56 /* Build configuration list for PBXNativeTarget "VWWPermissionKitExample" */ = {
			isa = XCConfigurationList;
			buildConfigurations = (
				CFD5DE231B2CE80300AB1C56 /* Debug */,
				CFD5DE241B2CE80300AB1C56 /* Release */,
			);
			defaultConfigurationIsVisible = 0;
			defaultConfigurationName = Release;
		};
		CFD5DE251B2CE80300AB1C56 /* Build configuration list for PBXNativeTarget "VWWPermissionKitExampleTests" */ = {
			isa = XCConfigurationList;
			buildConfigurations = (
				CFD5DE261B2CE80300AB1C56 /* Debug */,
				CFD5DE271B2CE80300AB1C56 /* Release */,
			);
			defaultConfigurationIsVisible = 0;
			defaultConfigurationName = Release;
		};
/* End XCConfigurationList section */
	};
	rootObject = CFD5DDF71B2CE80300AB1C56 /* Project object */;
}
